{
  "name": "slinky",
  "version": "1.0.0",
  "lockfileVersion": 3,
  "requires": true,
  "packages": {
    "": {
      "name": "slinky",
      "version": "1.0.0",
      "license": "ISC",
      "dependencies": {
        "@synnaxlabs/client": "^0.42.3",
        "amqplib": "^0.10.8",
        "js-yaml": "^4.1.0"
      }
    },
    "node_modules/@msgpack/msgpack": {
      "version": "3.1.2",
      "resolved": "https://registry.npmjs.org/@msgpack/msgpack/-/msgpack-3.1.2.tgz",
      "integrity": "sha512-JEW4DEtBzfe8HvUYecLU9e6+XJnKDlUAIve8FvPzF3Kzs6Xo/KuZkZJsDH0wJXl/qEZbeeE7edxDNY3kMs39hQ==",
      "engines": {
        "node": ">= 18"
      }
    },
    "node_modules/@opentelemetry/api": {
      "version": "1.9.0",
      "resolved": "https://registry.npmjs.org/@opentelemetry/api/-/api-1.9.0.tgz",
      "integrity": "sha512-3giAOQvZiH5F9bMlMiv8+GSPMeqg0dbaeo58/0SlA9sxSqZhnUtxzX9/2FzyhS9sWQf5S0GJE0AKBrFqjpeYcg==",
      "engines": {
        "node": ">=8.0.0"
      }
    },
    "node_modules/@synnaxlabs/alamos": {
      "version": "0.42.3",
      "resolved": "https://registry.npmjs.org/@synnaxlabs/alamos/-/alamos-0.42.3.tgz",
      "integrity": "sha512-EAlcaIoKtQMgbP5Z2QS28Ut0/cQ0wHShWWtU4hLa4WxT2MGU51Prg/KgsunEI9u/lZfq7mhQqqflslBUQqwOcw==",
      "dependencies": {
        "@opentelemetry/api": "^1.9.0",
        "@synnaxlabs/x": "0.42.3"
      },
      "engines": {
        "node": ">=18"
      }
    },
    "node_modules/@synnaxlabs/client": {
      "version": "0.42.3",
      "resolved": "https://registry.npmjs.org/@synnaxlabs/client/-/client-0.42.3.tgz",
      "integrity": "sha512-yRqgo5nIflkjKal8bu0I9hhZxGPAFBbla1LIWr6ByQLMOPrI4yCubJEJ6UvX2VaubjLsJ8Taew6I3bOXq2JvIQ==",
      "dependencies": {
        "@synnaxlabs/freighter": "0.42.3",
        "@synnaxlabs/x": "0.42.3",
        "async-mutex": "^0.5.0",
        "uuid": "^11.1.0",
        "zod": "^4.0.0-beta"
      }
    },
    "node_modules/@synnaxlabs/freighter": {
      "version": "0.42.3",
      "resolved": "https://registry.npmjs.org/@synnaxlabs/freighter/-/freighter-0.42.3.tgz",
      "integrity": "sha512-LkRu56cneaP66wslDVorw1ha1KbXJ86XmSm1N860Xc6/QWXgGXXHmG17SWJaFfCeN/VqixxvbSVRPtJw2sRb2g==",
      "dependencies": {
        "@synnaxlabs/alamos": "0.42.3",
        "@synnaxlabs/x": "0.42.3",
        "node-fetch": "^2.7.0",
        "ws": "^8.18.1",
        "zod": "^4.0.0-beta"
      }
    },
    "node_modules/@synnaxlabs/x": {
      "version": "0.42.3",
      "resolved": "https://registry.npmjs.org/@synnaxlabs/x/-/x-0.42.3.tgz",
      "integrity": "sha512-0IXlGaRJ/yP3KGnrcVShZJYgMwxuhygGkaE7KD88gtper7ypGcJUW1jv0Q0gR8UvN7/CFvsuEJCtw/edMCL/rA==",
      "dependencies": {
        "@msgpack/msgpack": "^3.1.1",
        "async-mutex": "^0.5.0",
        "nanoid": "^5.1.5",
        "zod": "^4.0.0-beta"
      }
    },
    "node_modules/@zod/core": {
      "version": "0.11.6",
      "resolved": "https://registry.npmjs.org/@zod/core/-/core-0.11.6.tgz",
      "integrity": "sha512-03Bv82fFSfjDAvMfdHHdGSS6SOJs0iCcJlWJv1kJHRtoTT02hZpyip/2Lk6oo4l4FtjuwTrsEQTwg/LD8I7dJA==",
      "funding": {
        "url": "https://github.com/sponsors/colinhacks"
      }
    },
    "node_modules/amqplib": {
      "version": "0.10.8",
      "resolved": "https://registry.npmjs.org/amqplib/-/amqplib-0.10.8.tgz",
      "integrity": "sha512-Tfn1O9sFgAP8DqeMEpt2IacsVTENBpblB3SqLdn0jK2AeX8iyCvbptBc8lyATT9bQ31MsjVwUSQ1g8f4jHOUfw==",
      "dependencies": {
        "buffer-more-ints": "~1.0.0",
        "url-parse": "~1.5.10"
      },
      "engines": {
        "node": ">=10"
      }
    },
    "node_modules/argparse": {
      "version": "2.0.1",
      "resolved": "https://registry.npmjs.org/argparse/-/argparse-2.0.1.tgz",
      "integrity": "sha512-8+9WqebbFzpX9OR+Wa6O29asIogeRMzcGtAINdpMHHyAg10f05aSFVBbcEqGf/PXw1EjAZ+q2/bEBg3DvurK3Q=="
    },
    "node_modules/async-mutex": {
      "version": "0.5.0",
      "resolved": "https://registry.npmjs.org/async-mutex/-/async-mutex-0.5.0.tgz",
      "integrity": "sha512-1A94B18jkJ3DYq284ohPxoXbfTA5HsQ7/Mf4DEhcyLx3Bz27Rh59iScbB6EPiP+B+joue6YCxcMXSbFC1tZKwA==",
      "dependencies": {
        "tslib": "^2.4.0"
      }
    },
    "node_modules/buffer-more-ints": {
      "version": "1.0.0",
      "resolved": "https://registry.npmjs.org/buffer-more-ints/-/buffer-more-ints-1.0.0.tgz",
      "integrity": "sha512-EMetuGFz5SLsT0QTnXzINh4Ksr+oo4i+UGTXEshiGCQWnsgSs7ZhJ8fzlwQ+OzEMs0MpDAMr1hxnblp5a4vcHg=="
    },
    "node_modules/js-yaml": {
      "version": "4.1.0",
      "resolved": "https://registry.npmjs.org/js-yaml/-/js-yaml-4.1.0.tgz",
      "integrity": "sha512-wpxZs9NoxZaJESJGIZTyDEaYpl0FKSA+FB9aJiyemKhMwkxQg63h4T1KJgUGHpTqPDNRcmmYLugrRjJlBtWvRA==",
      "dependencies": {
        "argparse": "^2.0.1"
      },
      "bin": {
        "js-yaml": "bin/js-yaml.js"
      }
    },
    "node_modules/nanoid": {
      "version": "5.1.5",
      "resolved": "https://registry.npmjs.org/nanoid/-/nanoid-5.1.5.tgz",
      "integrity": "sha512-Ir/+ZpE9fDsNH0hQ3C68uyThDXzYcim2EqcZ8zn8Chtt1iylPT9xXJB0kPCnqzgcEGikO9RxSrh63MsmVCU7Fw==",
      "funding": [
        {
          "type": "github",
          "url": "https://github.com/sponsors/ai"
        }
      ],
      "bin": {
        "nanoid": "bin/nanoid.js"
      },
      "engines": {
        "node": "^18 || >=20"
      }
    },
    "node_modules/node-fetch": {
      "version": "2.7.0",
      "resolved": "https://registry.npmjs.org/node-fetch/-/node-fetch-2.7.0.tgz",
      "integrity": "sha512-c4FRfUm/dbcWZ7U+1Wq0AwCyFL+3nt2bEw05wfxSz+DWpWsitgmSgYmy2dQdWyKC1694ELPqMs/YzUSNozLt8A==",
      "dependencies": {
        "whatwg-url": "^5.0.0"
      },
      "engines": {
        "node": "4.x || >=6.0.0"
      },
      "peerDependencies": {
        "encoding": "^0.1.0"
      },
      "peerDependenciesMeta": {
        "encoding": {
          "optional": true
        }
      }
    },
    "node_modules/querystringify": {
      "version": "2.2.0",
      "resolved": "https://registry.npmjs.org/querystringify/-/querystringify-2.2.0.tgz",
      "integrity": "sha512-FIqgj2EUvTa7R50u0rGsyTftzjYmv/a3hO345bZNrqabNqjtgiDMgmo4mkUjd+nzU5oF3dClKqFIPUKybUyqoQ=="
    },
    "node_modules/requires-port": {
      "version": "1.0.0",
      "resolved": "https://registry.npmjs.org/requires-port/-/requires-port-1.0.0.tgz",
      "integrity": "sha512-KigOCHcocU3XODJxsu8i/j8T9tzT4adHiecwORRQ0ZZFcp7ahwXuRU1m+yuO90C5ZUyGeGfocHDI14M3L3yDAQ=="
    },
    "node_modules/tr46": {
      "version": "0.0.3",
      "resolved": "https://registry.npmjs.org/tr46/-/tr46-0.0.3.tgz",
      "integrity": "sha512-N3WMsuqV66lT30CrXNbEjx4GEwlow3v6rr4mCcv6prnfwhS01rkgyFdjPNBYd9br7LpXV1+Emh01fHnq2Gdgrw=="
    },
    "node_modules/tslib": {
      "version": "2.8.1",
      "resolved": "https://registry.npmjs.org/tslib/-/tslib-2.8.1.tgz",
      "integrity": "sha512-oJFu94HQb+KVduSUQL7wnpmqnfmLsOA/nAh6b6EH0wCEoK0/mPeXU6c3wKDV83MkOuHPRHtSXKKU99IBazS/2w=="
    },
    "node_modules/url-parse": {
      "version": "1.5.10",
      "resolved": "https://registry.npmjs.org/url-parse/-/url-parse-1.5.10.tgz",
      "integrity": "sha512-WypcfiRhfeUP9vvF0j6rw0J3hrWrw6iZv3+22h6iRMJ/8z1Tj6XfLP4DsUix5MhMPnXpiHDoKyoZ/bdCkwBCiQ==",
      "dependencies": {
        "querystringify": "^2.1.1",
        "requires-port": "^1.0.0"
      }
    },
    "node_modules/uuid": {
      "version": "11.1.0",
      "resolved": "https://registry.npmjs.org/uuid/-/uuid-11.1.0.tgz",
      "integrity": "sha512-0/A9rDy9P7cJ+8w1c9WD9V//9Wj15Ce2MPz8Ri6032usz+NfePxx5AcN3bN+r6ZL6jEo066/yNYB3tn4pQEx+A==",
      "funding": [
        "https://github.com/sponsors/broofa",
        "https://github.com/sponsors/ctavan"
      ],
      "bin": {
        "uuid": "dist/esm/bin/uuid"
      }
    },
    "node_modules/webidl-conversions": {
      "version": "3.0.1",
      "resolved": "https://registry.npmjs.org/webidl-conversions/-/webidl-conversions-3.0.1.tgz",
      "integrity": "sha512-2JAn3z8AR6rjK8Sm8orRC0h/bcl/DqL7tRPdGZ4I1CjdF+EaMLmYxBHyXuKL849eucPFhvBoxMsflfOb8kxaeQ=="
    },
    "node_modules/whatwg-url": {
      "version": "5.0.0",
      "resolved": "https://registry.npmjs.org/whatwg-url/-/whatwg-url-5.0.0.tgz",
      "integrity": "sha512-saE57nupxk6v3HY35+jzBwYa0rKSy0XR8JSxZPwgLr7ys0IBzhGviA1/TUGJLmSVqs8pb9AnvICXEuOHLprYTw==",
      "dependencies": {
        "tr46": "~0.0.3",
        "webidl-conversions": "^3.0.0"
      }
    },
    "node_modules/ws": {
      "version": "8.18.2",
      "resolved": "https://registry.npmjs.org/ws/-/ws-8.18.2.tgz",
      "integrity": "sha512-DMricUmwGZUVr++AEAe2uiVM7UoO9MAVZMDu05UQOaUII0lp+zOzLLU4Xqh/JvTqklB1T4uELaaPBKyjE1r4fQ==",
      "engines": {
        "node": ">=10.0.0"
      },
      "peerDependencies": {
        "bufferutil": "^4.0.1",
        "utf-8-validate": ">=5.0.2"
      },
      "peerDependenciesMeta": {
        "bufferutil": {
          "optional": true
        },
        "utf-8-validate": {
          "optional": true
        }
      }
    },
    "node_modules/zod": {
      "version": "4.0.0-beta.20250505T195954",
      "resolved": "https://registry.npmjs.org/zod/-/zod-4.0.0-beta.20250505T195954.tgz",
      "integrity": "sha512-iB8WvxkobVIXMARvQu20fKvbS7mUTiYRpcD8OQV1xjRhxO0EEpYIRJBk6yfBzHAHEdOSDh3SxDITr5Eajr2vtg==",
      "dependencies": {
        "@zod/core": "0.11.6"
      },
      "funding": {
        "url": "https://github.com/sponsors/colinhacks"
      }
    }
  }
}
